// !$*UTF8*$!
{
	archiveVersion = 1;
	classes = {
	};
	objectVersion = 46;
	objects = {

/* Begin PBXBuildFile section */
		0D0A26D51A3766C70033550D /* TabViewController.swift in Sources */ = {isa = PBXBuildFile; fileRef = 0D0A26D41A3766C70033550D /* TabViewController.swift */; };
		0D0A26DB1A38B6E70033550D /* SettingsTableViewController.swift in Sources */ = {isa = PBXBuildFile; fileRef = 0D0A26DA1A38B6E70033550D /* SettingsTableViewController.swift */; };
		0D3A78FF1A26A70B003AC6D4 /* HueSDK_iOS.framework in Frameworks */ = {isa = PBXBuildFile; fileRef = 0D3A78FE1A26A70B003AC6D4 /* HueSDK_iOS.framework */; };
		0D3A79001A26A70B003AC6D4 /* HueSDK_iOS.framework in Frameworks */ = {isa = PBXBuildFile; fileRef = 0D3A78FE1A26A70B003AC6D4 /* HueSDK_iOS.framework */; };
		0D3A79111A26A716003AC6D4 /* DDAbstractDatabaseLogger.m in Sources */ = {isa = PBXBuildFile; fileRef = 0D3A79031A26A716003AC6D4 /* DDAbstractDatabaseLogger.m */; };
		0D3A79131A26A716003AC6D4 /* DDASLLogger.m in Sources */ = {isa = PBXBuildFile; fileRef = 0D3A79051A26A716003AC6D4 /* DDASLLogger.m */; };
		0D3A79151A26A716003AC6D4 /* DDFileLogger.m in Sources */ = {isa = PBXBuildFile; fileRef = 0D3A79071A26A716003AC6D4 /* DDFileLogger.m */; };
		0D3A79171A26A716003AC6D4 /* DDLog.m in Sources */ = {isa = PBXBuildFile; fileRef = 0D3A79091A26A716003AC6D4 /* DDLog.m */; };
		0D3A79191A26A716003AC6D4 /* DDTTYLogger.m in Sources */ = {isa = PBXBuildFile; fileRef = 0D3A790B1A26A716003AC6D4 /* DDTTYLogger.m */; };
		0D3A791B1A26A716003AC6D4 /* ContextFilterLogFormatter.m in Sources */ = {isa = PBXBuildFile; fileRef = 0D3A790E1A26A716003AC6D4 /* ContextFilterLogFormatter.m */; };
		0D3A791C1A26A716003AC6D4 /* ContextFilterLogFormatter.m in Sources */ = {isa = PBXBuildFile; fileRef = 0D3A790E1A26A716003AC6D4 /* ContextFilterLogFormatter.m */; };
		0D3A791D1A26A716003AC6D4 /* DispatchQueueLogFormatter.m in Sources */ = {isa = PBXBuildFile; fileRef = 0D3A79101A26A716003AC6D4 /* DispatchQueueLogFormatter.m */; };
		0D3A791E1A26A716003AC6D4 /* DispatchQueueLogFormatter.m in Sources */ = {isa = PBXBuildFile; fileRef = 0D3A79101A26A716003AC6D4 /* DispatchQueueLogFormatter.m */; };
		0D4F25451A2AD34A005C61EA /* BridgeConnect.swift in Sources */ = {isa = PBXBuildFile; fileRef = 0D4F25441A2AD34A005C61EA /* BridgeConnect.swift */; };
		0D5980F21A3E9279007C4EF1 /* QuartzCore.framework in Frameworks */ = {isa = PBXBuildFile; fileRef = 0D5980F11A3E9279007C4EF1 /* QuartzCore.framework */; };
		0D799B0F1A39260200E9DDF2 /* Wit.bundle in Resources */ = {isa = PBXBuildFile; fileRef = 0D799B0D1A39260200E9DDF2 /* Wit.bundle */; };
		0D799B101A39260200E9DDF2 /* Wit.framework in Frameworks */ = {isa = PBXBuildFile; fileRef = 0D799B0E1A39260200E9DDF2 /* Wit.framework */; settings = {ATTRIBUTES = (Required, ); }; };
		0D799B121A3926DC00E9DDF2 /* CoreLocation.framework in Frameworks */ = {isa = PBXBuildFile; fileRef = 0D799B111A3926DC00E9DDF2 /* CoreLocation.framework */; };
		0D799B141A3926E800E9DDF2 /* SystemConfiguration.framework in Frameworks */ = {isa = PBXBuildFile; fileRef = 0D799B131A3926E800E9DDF2 /* SystemConfiguration.framework */; };
		0D799B161A3926F400E9DDF2 /* MobileCoreServices.framework in Frameworks */ = {isa = PBXBuildFile; fileRef = 0D799B151A3926F400E9DDF2 /* MobileCoreServices.framework */; };
		0D799B181A3926FD00E9DDF2 /* AVFoundation.framework in Frameworks */ = {isa = PBXBuildFile; fileRef = 0D799B171A3926FD00E9DDF2 /* AVFoundation.framework */; };
		0D8B27A41A3A0B3A0069372C /* BulbSettings.swift in Sources */ = {isa = PBXBuildFile; fileRef = 0D8B27A31A3A0B3A0069372C /* BulbSettings.swift */; };
		0D8B27A61A3A0B7C0069372C /* ColorPickerView.swift in Sources */ = {isa = PBXBuildFile; fileRef = 0D8B27A51A3A0B7C0069372C /* ColorPickerView.swift */; };
		0D9357E11A2CC48200AAD52D /* DDTTYLogger.m in Sources */ = {isa = PBXBuildFile; fileRef = 0D3A790B1A26A716003AC6D4 /* DDTTYLogger.m */; };
		0D9357E21A2CC48500AAD52D /* DDLog.m in Sources */ = {isa = PBXBuildFile; fileRef = 0D3A79091A26A716003AC6D4 /* DDLog.m */; };
		0D9357E31A2CC48800AAD52D /* DDFileLogger.m in Sources */ = {isa = PBXBuildFile; fileRef = 0D3A79071A26A716003AC6D4 /* DDFileLogger.m */; };
		0D9357E41A2CC48C00AAD52D /* DDASLLogger.m in Sources */ = {isa = PBXBuildFile; fileRef = 0D3A79051A26A716003AC6D4 /* DDASLLogger.m */; };
		0D9357E51A2CC48F00AAD52D /* DDAbstractDatabaseLogger.m in Sources */ = {isa = PBXBuildFile; fileRef = 0D3A79031A26A716003AC6D4 /* DDAbstractDatabaseLogger.m */; };
		0D9357E71A2D4BB100AAD52D /* BulbCollectionCell.swift in Sources */ = {isa = PBXBuildFile; fileRef = 0D9357E61A2D4BB100AAD52D /* BulbCollectionCell.swift */; };
		0D9862541A1D2C0B00FAD175 /* AppDelegate.swift in Sources */ = {isa = PBXBuildFile; fileRef = 0D9862531A1D2C0B00FAD175 /* AppDelegate.swift */; };
		0D9862561A1D2C0B00FAD175 /* HomeController.swift in Sources */ = {isa = PBXBuildFile; fileRef = 0D9862551A1D2C0B00FAD175 /* HomeController.swift */; };
		0D9862581A1D2C0B00FAD175 /* MusicViewController.swift in Sources */ = {isa = PBXBuildFile; fileRef = 0D9862571A1D2C0B00FAD175 /* MusicViewController.swift */; };
		0D98625D1A1D2C0B00FAD175 /* Images.xcassets in Resources */ = {isa = PBXBuildFile; fileRef = 0D98625C1A1D2C0B00FAD175 /* Images.xcassets */; };
		0D98626C1A1D2C0B00FAD175 /* Prism_LightsTests.swift in Sources */ = {isa = PBXBuildFile; fileRef = 0D98626B1A1D2C0B00FAD175 /* Prism_LightsTests.swift */; };
		0DB347431A2D5BCE00B91EF2 /* PushAuthController.swift in Sources */ = {isa = PBXBuildFile; fileRef = 0DB347421A2D5BCE00B91EF2 /* PushAuthController.swift */; };
		1168EAD71ABF973300FC7CD9 /* ColorView.swift in Sources */ = {isa = PBXBuildFile; fileRef = 1168EAD61ABF973300FC7CD9 /* ColorView.swift */; };
		117F49531A96DA4500A31746 /* AEFloatConverter.m in Sources */ = {isa = PBXBuildFile; fileRef = 117F49391A96DA4500A31746 /* AEFloatConverter.m */; };
		117F49541A96DA4500A31746 /* EZAudio.m in Sources */ = {isa = PBXBuildFile; fileRef = 117F493B1A96DA4500A31746 /* EZAudio.m */; };
		117F49551A96DA4500A31746 /* EZAudioFile.m in Sources */ = {isa = PBXBuildFile; fileRef = 117F493D1A96DA4500A31746 /* EZAudioFile.m */; };
		117F49561A96DA4500A31746 /* EZAudioPlayer.m in Sources */ = {isa = PBXBuildFile; fileRef = 117F493F1A96DA4500A31746 /* EZAudioPlayer.m */; };
		117F49571A96DA4500A31746 /* EZAudioPlot.m in Sources */ = {isa = PBXBuildFile; fileRef = 117F49411A96DA4500A31746 /* EZAudioPlot.m */; };
		117F49581A96DA4500A31746 /* EZAudioPlotGL.m in Sources */ = {isa = PBXBuildFile; fileRef = 117F49431A96DA4500A31746 /* EZAudioPlotGL.m */; };
		117F49591A96DA4500A31746 /* EZAudioPlotGLKViewController.m in Sources */ = {isa = PBXBuildFile; fileRef = 117F49451A96DA4500A31746 /* EZAudioPlotGLKViewController.m */; };
		117F495A1A96DA4500A31746 /* EZMicrophone.m in Sources */ = {isa = PBXBuildFile; fileRef = 117F49471A96DA4500A31746 /* EZMicrophone.m */; };
		117F495B1A96DA4500A31746 /* EZOutput.m in Sources */ = {isa = PBXBuildFile; fileRef = 117F49491A96DA4500A31746 /* EZOutput.m */; };
		117F495C1A96DA4500A31746 /* EZPlot.m in Sources */ = {isa = PBXBuildFile; fileRef = 117F494B1A96DA4500A31746 /* EZPlot.m */; };
		117F495D1A96DA4500A31746 /* EZRecorder.m in Sources */ = {isa = PBXBuildFile; fileRef = 117F494D1A96DA4500A31746 /* EZRecorder.m */; };
		117F495E1A96DA4500A31746 /* TPCircularBuffer.c in Sources */ = {isa = PBXBuildFile; fileRef = 117F494E1A96DA4500A31746 /* TPCircularBuffer.c */; };
		117F495F1A96DA4500A31746 /* CHANGELOG in Resources */ = {isa = PBXBuildFile; fileRef = 117F49511A96DA4500A31746 /* CHANGELOG */; };
		117F49601A96DA4500A31746 /* VERSION in Resources */ = {isa = PBXBuildFile; fileRef = 117F49521A96DA4500A31746 /* VERSION */; };
		117F49631A96DAFE00A31746 /* MusicController.m in Sources */ = {isa = PBXBuildFile; fileRef = 117F49621A96DAFE00A31746 /* MusicController.m */; };
		118314EF1A96D228004E6425 /* Accelerate.framework in Frameworks */ = {isa = PBXBuildFile; fileRef = 118314EE1A96D228004E6425 /* Accelerate.framework */; };
		118314F11A96D235004E6425 /* GLKit.framework in Frameworks */ = {isa = PBXBuildFile; fileRef = 118314F01A96D235004E6425 /* GLKit.framework */; };
		118314F31A96D24B004E6425 /* AudioToolbox.framework in Frameworks */ = {isa = PBXBuildFile; fileRef = 118314F21A96D24B004E6425 /* AudioToolbox.framework */; };
		118314F51A96D259004E6425 /* Foundation.framework in Frameworks */ = {isa = PBXBuildFile; fileRef = 118314F41A96D259004E6425 /* Foundation.framework */; };
		118314F71A96D265004E6425 /* CoreGraphics.framework in Frameworks */ = {isa = PBXBuildFile; fileRef = 118314F61A96D265004E6425 /* CoreGraphics.framework */; };
		118314F91A96D272004E6425 /* UIKit.framework in Frameworks */ = {isa = PBXBuildFile; fileRef = 118314F81A96D272004E6425 /* UIKit.framework */; };
		119F14F51AC18DF60024B019 /* ColorViewCell.swift in Sources */ = {isa = PBXBuildFile; fileRef = 119F14F41AC18DF60024B019 /* ColorViewCell.swift */; };
		119F14F71AC18ED00024B019 /* ColorPaletteCollectionViewController.swift in Sources */ = {isa = PBXBuildFile; fileRef = 119F14F61AC18ED00024B019 /* ColorPaletteCollectionViewController.swift */; };
		11AF010D1AA95C6000122F24 /* EstViewController.swift in Sources */ = {isa = PBXBuildFile; fileRef = 11AF010C1AA95C6000122F24 /* EstViewController.swift */; };
		11FDAB4C1AACD2A20055C2AD /* MusicSelectBulbsViewController.swift in Sources */ = {isa = PBXBuildFile; fileRef = 11FDAB4B1AACD2A20055C2AD /* MusicSelectBulbsViewController.swift */; };
		11FDAB501AACDA5F0055C2AD /* MusicCell.swift in Sources */ = {isa = PBXBuildFile; fileRef = 11FDAB4F1AACDA5F0055C2AD /* MusicCell.swift */; };
		11FDAB541AAFF2460055C2AD /* MusicBulbRangeSelection.swift in Sources */ = {isa = PBXBuildFile; fileRef = 11FDAB531AAFF2460055C2AD /* MusicBulbRangeSelection.swift */; };
		11FDAB581AB109510055C2AD /* BeaconBulbTracking.swift in Sources */ = {isa = PBXBuildFile; fileRef = 11FDAB571AB109510055C2AD /* BeaconBulbTracking.swift */; };
		CC24AE701A77EFEA003316FD /* Lights_API.swift in Sources */ = {isa = PBXBuildFile; fileRef = CC24AE6F1A77EFEA003316FD /* Lights_API.swift */; };
		CC27D7FF1A802E9C00346F47 /* PrismSDK.swift in Sources */ = {isa = PBXBuildFile; fileRef = CC27D7FE1A802E9C00346F47 /* PrismSDK.swift */; };
		CC391F411A7D91F9004C94B5 /* Networking.swift in Sources */ = {isa = PBXBuildFile; fileRef = CC391F401A7D91F9004C94B5 /* Networking.swift */; };
		CC4A46E51A8912FD007DC0F2 /* Settings.swift in Sources */ = {isa = PBXBuildFile; fileRef = CC4A46E41A8912FD007DC0F2 /* Settings.swift */; };
		CC4A46E71A89130F007DC0F2 /* ModeCell.swift in Sources */ = {isa = PBXBuildFile; fileRef = CC4A46E61A89130F007DC0F2 /* ModeCell.swift */; };
		CC96AD941ABE26E00025896F /* Main.storyboard in Resources */ = {isa = PBXBuildFile; fileRef = CCB135A81AAD5606006E464F /* Main.storyboard */; };
		CC96AD951ABE26E60025896F /* LaunchScreen.xib in Resources */ = {isa = PBXBuildFile; fileRef = 0D98625E1A1D2C0B00FAD175 /* LaunchScreen.xib */; };
		CC9A11FF1AB9003500BDFA85 /* HomeLoadingView.swift in Sources */ = {isa = PBXBuildFile; fileRef = CC9A11FE1AB9003500BDFA85 /* HomeLoadingView.swift */; };
		CC9E5ECD1A89A16100B19DF6 /* AlarmsTable.swift in Sources */ = {isa = PBXBuildFile; fileRef = CC9E5ECC1A89A16100B19DF6 /* AlarmsTable.swift */; };
		CC9E5ECF1A89B95300B19DF6 /* AlarmCell.swift in Sources */ = {isa = PBXBuildFile; fileRef = CC9E5ECE1A89B95300B19DF6 /* AlarmCell.swift */; };
		CCB135A41AAB9601006E464F /* libEstimoteSDK.a in Frameworks */ = {isa = PBXBuildFile; fileRef = CCB135A31AAB9601006E464F /* libEstimoteSDK.a */; };
		CCB135A71AAD03C2006E464F /* datething.swift in Sources */ = {isa = PBXBuildFile; fileRef = CCB135A61AAD03C2006E464F /* datething.swift */; };
		CCB135AC1AAF5727006E464F /* ColorPickerController.swift in Sources */ = {isa = PBXBuildFile; fileRef = CCB135AB1AAF5727006E464F /* ColorPickerController.swift */; };
		CCB707851AA68A73002BF12B /* ColorPicker.swift in Sources */ = {isa = PBXBuildFile; fileRef = CCB707821AA68A73002BF12B /* ColorPicker.swift */; };
		CCB707861AA68A73002BF12B /* ColorSelectorView.swift in Sources */ = {isa = PBXBuildFile; fileRef = CCB707831AA68A73002BF12B /* ColorSelectorView.swift */; };
		CCB707871AA68A73002BF12B /* NewColorPickerView.swift in Sources */ = {isa = PBXBuildFile; fileRef = CCB707841AA68A73002BF12B /* NewColorPickerView.swift */; };
		CCC54A371ABF1AC4003FF0E2 /* Lights.swift in Sources */ = {isa = PBXBuildFile; fileRef = CCC54A361ABF1AC4003FF0E2 /* Lights.swift */; };
		CCC54A381AC0FAC5003FF0E2 /* Info_API.swift in Sources */ = {isa = PBXBuildFile; fileRef = CCCD59311A780140008B209D /* Info_API.swift */; };
		CCC54A3A1AC1EA39003FF0E2 /* BulbActivity.swift in Sources */ = {isa = PBXBuildFile; fileRef = CCC54A391AC1EA39003FF0E2 /* BulbActivity.swift */; };
		CCCB88D51A98D808003D68F4 /* Alarms.swift in Sources */ = {isa = PBXBuildFile; fileRef = CCCB88D41A98D808003D68F4 /* Alarms.swift */; };
		CCCB88D71A994CFF003D68F4 /* AdvancedSettingsController.swift in Sources */ = {isa = PBXBuildFile; fileRef = CCCB88D61A994CFF003D68F4 /* AdvancedSettingsController.swift */; };
		CCCB88DC1A9BAAD8003D68F4 /* AlarmDetail.swift in Sources */ = {isa = PBXBuildFile; fileRef = CCCB88DB1A9BAAD8003D68F4 /* AlarmDetail.swift */; };
		CCCD59261A7800D6008B209D /* Groups_API.swift in Sources */ = {isa = PBXBuildFile; fileRef = CCCD59251A7800D6008B209D /* Groups_API.swift */; };
		CCCD59281A7800EA008B209D /* Schedules_API.swift in Sources */ = {isa = PBXBuildFile; fileRef = CCCD59271A7800EA008B209D /* Schedules_API.swift */; };
		CCCD592A1A7800FE008B209D /* Scenes_API.swift in Sources */ = {isa = PBXBuildFile; fileRef = CCCD59291A7800FE008B209D /* Scenes_API.swift */; };
		CCCD592E1A78011E008B209D /* Rules_API.swift in Sources */ = {isa = PBXBuildFile; fileRef = CCCD592D1A78011E008B209D /* Rules_API.swift */; };
		CCCD59301A78012F008B209D /* Configuration_API.swift in Sources */ = {isa = PBXBuildFile; fileRef = CCCD592F1A78012F008B209D /* Configuration_API.swift */; };
/* End PBXBuildFile section */

/* Begin PBXContainerItemProxy section */
		0D9862661A1D2C0B00FAD175 /* PBXContainerItemProxy */ = {
			isa = PBXContainerItemProxy;
			containerPortal = 0D9862461A1D2C0B00FAD175 /* Project object */;
			proxyType = 1;
			remoteGlobalIDString = 0D98624D1A1D2C0B00FAD175;
			remoteInfo = "Prism Lights";
		};
/* End PBXContainerItemProxy section */

/* Begin PBXFileReference section */
		0D0A26D41A3766C70033550D /* TabViewController.swift */ = {isa = PBXFileReference; fileEncoding = 4; lastKnownFileType = sourcecode.swift; path = TabViewController.swift; sourceTree = "<group>"; };
		0D0A26DA1A38B6E70033550D /* SettingsTableViewController.swift */ = {isa = PBXFileReference; fileEncoding = 4; lastKnownFileType = sourcecode.swift; path = SettingsTableViewController.swift; sourceTree = "<group>"; };
		0D3A78F61A26A6AA003AC6D4 /* Prism Lights-Bridging-Header.h */ = {isa = PBXFileReference; lastKnownFileType = sourcecode.c.h; path = "Prism Lights-Bridging-Header.h"; sourceTree = "<group>"; };
		0D3A78FE1A26A70B003AC6D4 /* HueSDK_iOS.framework */ = {isa = PBXFileReference; lastKnownFileType = wrapper.framework; path = HueSDK_iOS.framework; sourceTree = "<group>"; };
		0D3A79021A26A716003AC6D4 /* DDAbstractDatabaseLogger.h */ = {isa = PBXFileReference; fileEncoding = 4; lastKnownFileType = sourcecode.c.h; path = DDAbstractDatabaseLogger.h; sourceTree = "<group>"; };
		0D3A79031A26A716003AC6D4 /* DDAbstractDatabaseLogger.m */ = {isa = PBXFileReference; fileEncoding = 4; lastKnownFileType = sourcecode.c.objc; path = DDAbstractDatabaseLogger.m; sourceTree = "<group>"; };
		0D3A79041A26A716003AC6D4 /* DDASLLogger.h */ = {isa = PBXFileReference; fileEncoding = 4; lastKnownFileType = sourcecode.c.h; path = DDASLLogger.h; sourceTree = "<group>"; };
		0D3A79051A26A716003AC6D4 /* DDASLLogger.m */ = {isa = PBXFileReference; fileEncoding = 4; lastKnownFileType = sourcecode.c.objc; path = DDASLLogger.m; sourceTree = "<group>"; };
		0D3A79061A26A716003AC6D4 /* DDFileLogger.h */ = {isa = PBXFileReference; fileEncoding = 4; lastKnownFileType = sourcecode.c.h; path = DDFileLogger.h; sourceTree = "<group>"; };
		0D3A79071A26A716003AC6D4 /* DDFileLogger.m */ = {isa = PBXFileReference; fileEncoding = 4; lastKnownFileType = sourcecode.c.objc; path = DDFileLogger.m; sourceTree = "<group>"; };
		0D3A79081A26A716003AC6D4 /* DDLog.h */ = {isa = PBXFileReference; fileEncoding = 4; lastKnownFileType = sourcecode.c.h; path = DDLog.h; sourceTree = "<group>"; };
		0D3A79091A26A716003AC6D4 /* DDLog.m */ = {isa = PBXFileReference; fileEncoding = 4; lastKnownFileType = sourcecode.c.objc; path = DDLog.m; sourceTree = "<group>"; };
		0D3A790A1A26A716003AC6D4 /* DDTTYLogger.h */ = {isa = PBXFileReference; fileEncoding = 4; lastKnownFileType = sourcecode.c.h; path = DDTTYLogger.h; sourceTree = "<group>"; };
		0D3A790B1A26A716003AC6D4 /* DDTTYLogger.m */ = {isa = PBXFileReference; fileEncoding = 4; lastKnownFileType = sourcecode.c.objc; path = DDTTYLogger.m; sourceTree = "<group>"; };
		0D3A790D1A26A716003AC6D4 /* ContextFilterLogFormatter.h */ = {isa = PBXFileReference; fileEncoding = 4; lastKnownFileType = sourcecode.c.h; path = ContextFilterLogFormatter.h; sourceTree = "<group>"; };
		0D3A790E1A26A716003AC6D4 /* ContextFilterLogFormatter.m */ = {isa = PBXFileReference; fileEncoding = 4; lastKnownFileType = sourcecode.c.objc; path = ContextFilterLogFormatter.m; sourceTree = "<group>"; };
		0D3A790F1A26A716003AC6D4 /* DispatchQueueLogFormatter.h */ = {isa = PBXFileReference; fileEncoding = 4; lastKnownFileType = sourcecode.c.h; path = DispatchQueueLogFormatter.h; sourceTree = "<group>"; };
		0D3A79101A26A716003AC6D4 /* DispatchQueueLogFormatter.m */ = {isa = PBXFileReference; fileEncoding = 4; lastKnownFileType = sourcecode.c.objc; path = DispatchQueueLogFormatter.m; sourceTree = "<group>"; };
		0D4F25441A2AD34A005C61EA /* BridgeConnect.swift */ = {isa = PBXFileReference; fileEncoding = 4; lastKnownFileType = sourcecode.swift; path = BridgeConnect.swift; sourceTree = "<group>"; };
		0D5980F11A3E9279007C4EF1 /* QuartzCore.framework */ = {isa = PBXFileReference; lastKnownFileType = wrapper.framework; name = QuartzCore.framework; path = System/Library/Frameworks/QuartzCore.framework; sourceTree = SDKROOT; };
		0D799B0D1A39260200E9DDF2 /* Wit.bundle */ = {isa = PBXFileReference; lastKnownFileType = "wrapper.plug-in"; path = Wit.bundle; sourceTree = "<group>"; };
		0D799B0E1A39260200E9DDF2 /* Wit.framework */ = {isa = PBXFileReference; lastKnownFileType = wrapper.framework; path = Wit.framework; sourceTree = "<group>"; };
		0D799B111A3926DC00E9DDF2 /* CoreLocation.framework */ = {isa = PBXFileReference; lastKnownFileType = wrapper.framework; name = CoreLocation.framework; path = System/Library/Frameworks/CoreLocation.framework; sourceTree = SDKROOT; };
		0D799B131A3926E800E9DDF2 /* SystemConfiguration.framework */ = {isa = PBXFileReference; lastKnownFileType = wrapper.framework; name = SystemConfiguration.framework; path = System/Library/Frameworks/SystemConfiguration.framework; sourceTree = SDKROOT; };
		0D799B151A3926F400E9DDF2 /* MobileCoreServices.framework */ = {isa = PBXFileReference; lastKnownFileType = wrapper.framework; name = MobileCoreServices.framework; path = System/Library/Frameworks/MobileCoreServices.framework; sourceTree = SDKROOT; };
		0D799B171A3926FD00E9DDF2 /* AVFoundation.framework */ = {isa = PBXFileReference; lastKnownFileType = wrapper.framework; name = AVFoundation.framework; path = System/Library/Frameworks/AVFoundation.framework; sourceTree = SDKROOT; };
		0D8B27A31A3A0B3A0069372C /* BulbSettings.swift */ = {isa = PBXFileReference; fileEncoding = 4; lastKnownFileType = sourcecode.swift; path = BulbSettings.swift; sourceTree = "<group>"; };
		0D8B27A51A3A0B7C0069372C /* ColorPickerView.swift */ = {isa = PBXFileReference; fileEncoding = 4; lastKnownFileType = sourcecode.swift; path = ColorPickerView.swift; sourceTree = "<group>"; };
		0D9357E61A2D4BB100AAD52D /* BulbCollectionCell.swift */ = {isa = PBXFileReference; fileEncoding = 4; lastKnownFileType = sourcecode.swift; path = BulbCollectionCell.swift; sourceTree = "<group>"; };
		0D98624E1A1D2C0B00FAD175 /* Prism Lights.app */ = {isa = PBXFileReference; explicitFileType = wrapper.application; includeInIndex = 0; path = "Prism Lights.app"; sourceTree = BUILT_PRODUCTS_DIR; };
		0D9862521A1D2C0B00FAD175 /* Info.plist */ = {isa = PBXFileReference; lastKnownFileType = text.plist.xml; path = Info.plist; sourceTree = "<group>"; };
		0D9862531A1D2C0B00FAD175 /* AppDelegate.swift */ = {isa = PBXFileReference; lastKnownFileType = sourcecode.swift; path = AppDelegate.swift; sourceTree = "<group>"; };
		0D9862551A1D2C0B00FAD175 /* HomeController.swift */ = {isa = PBXFileReference; lastKnownFileType = sourcecode.swift; path = HomeController.swift; sourceTree = "<group>"; };
		0D9862571A1D2C0B00FAD175 /* MusicViewController.swift */ = {isa = PBXFileReference; lastKnownFileType = sourcecode.swift; path = MusicViewController.swift; sourceTree = "<group>"; };
		0D98625C1A1D2C0B00FAD175 /* Images.xcassets */ = {isa = PBXFileReference; lastKnownFileType = folder.assetcatalog; path = Images.xcassets; sourceTree = "<group>"; };
		0D98625F1A1D2C0B00FAD175 /* Base */ = {isa = PBXFileReference; lastKnownFileType = file.xib; name = Base; path = Base.lproj/LaunchScreen.xib; sourceTree = "<group>"; };
		0D9862651A1D2C0B00FAD175 /* Prism LightsTests.xctest */ = {isa = PBXFileReference; explicitFileType = wrapper.cfbundle; includeInIndex = 0; path = "Prism LightsTests.xctest"; sourceTree = BUILT_PRODUCTS_DIR; };
		0D98626A1A1D2C0B00FAD175 /* Info.plist */ = {isa = PBXFileReference; lastKnownFileType = text.plist.xml; path = Info.plist; sourceTree = "<group>"; };
		0D98626B1A1D2C0B00FAD175 /* Prism_LightsTests.swift */ = {isa = PBXFileReference; lastKnownFileType = sourcecode.swift; path = Prism_LightsTests.swift; sourceTree = "<group>"; };
		0DB347421A2D5BCE00B91EF2 /* PushAuthController.swift */ = {isa = PBXFileReference; fileEncoding = 4; lastKnownFileType = sourcecode.swift; path = PushAuthController.swift; sourceTree = "<group>"; };
		1168EAD61ABF973300FC7CD9 /* ColorView.swift */ = {isa = PBXFileReference; fileEncoding = 4; lastKnownFileType = sourcecode.swift; path = ColorView.swift; sourceTree = "<group>"; };
		117F49381A96DA4500A31746 /* AEFloatConverter.h */ = {isa = PBXFileReference; fileEncoding = 4; lastKnownFileType = sourcecode.c.h; path = AEFloatConverter.h; sourceTree = "<group>"; };
		117F49391A96DA4500A31746 /* AEFloatConverter.m */ = {isa = PBXFileReference; fileEncoding = 4; lastKnownFileType = sourcecode.c.objc; path = AEFloatConverter.m; sourceTree = "<group>"; };
		117F493A1A96DA4500A31746 /* EZAudio.h */ = {isa = PBXFileReference; fileEncoding = 4; lastKnownFileType = sourcecode.c.h; path = EZAudio.h; sourceTree = "<group>"; };
		117F493B1A96DA4500A31746 /* EZAudio.m */ = {isa = PBXFileReference; fileEncoding = 4; lastKnownFileType = sourcecode.c.objc; path = EZAudio.m; sourceTree = "<group>"; };
		117F493C1A96DA4500A31746 /* EZAudioFile.h */ = {isa = PBXFileReference; fileEncoding = 4; lastKnownFileType = sourcecode.c.h; path = EZAudioFile.h; sourceTree = "<group>"; };
		117F493D1A96DA4500A31746 /* EZAudioFile.m */ = {isa = PBXFileReference; fileEncoding = 4; lastKnownFileType = sourcecode.c.objc; path = EZAudioFile.m; sourceTree = "<group>"; };
		117F493E1A96DA4500A31746 /* EZAudioPlayer.h */ = {isa = PBXFileReference; fileEncoding = 4; lastKnownFileType = sourcecode.c.h; path = EZAudioPlayer.h; sourceTree = "<group>"; };
		117F493F1A96DA4500A31746 /* EZAudioPlayer.m */ = {isa = PBXFileReference; fileEncoding = 4; lastKnownFileType = sourcecode.c.objc; path = EZAudioPlayer.m; sourceTree = "<group>"; };
		117F49401A96DA4500A31746 /* EZAudioPlot.h */ = {isa = PBXFileReference; fileEncoding = 4; lastKnownFileType = sourcecode.c.h; path = EZAudioPlot.h; sourceTree = "<group>"; };
		117F49411A96DA4500A31746 /* EZAudioPlot.m */ = {isa = PBXFileReference; fileEncoding = 4; lastKnownFileType = sourcecode.c.objc; path = EZAudioPlot.m; sourceTree = "<group>"; };
		117F49421A96DA4500A31746 /* EZAudioPlotGL.h */ = {isa = PBXFileReference; fileEncoding = 4; lastKnownFileType = sourcecode.c.h; path = EZAudioPlotGL.h; sourceTree = "<group>"; };
		117F49431A96DA4500A31746 /* EZAudioPlotGL.m */ = {isa = PBXFileReference; fileEncoding = 4; lastKnownFileType = sourcecode.c.objc; path = EZAudioPlotGL.m; sourceTree = "<group>"; };
		117F49441A96DA4500A31746 /* EZAudioPlotGLKViewController.h */ = {isa = PBXFileReference; fileEncoding = 4; lastKnownFileType = sourcecode.c.h; path = EZAudioPlotGLKViewController.h; sourceTree = "<group>"; };
		117F49451A96DA4500A31746 /* EZAudioPlotGLKViewController.m */ = {isa = PBXFileReference; fileEncoding = 4; lastKnownFileType = sourcecode.c.objc; path = EZAudioPlotGLKViewController.m; sourceTree = "<group>"; };
		117F49461A96DA4500A31746 /* EZMicrophone.h */ = {isa = PBXFileReference; fileEncoding = 4; lastKnownFileType = sourcecode.c.h; path = EZMicrophone.h; sourceTree = "<group>"; };
		117F49471A96DA4500A31746 /* EZMicrophone.m */ = {isa = PBXFileReference; fileEncoding = 4; lastKnownFileType = sourcecode.c.objc; path = EZMicrophone.m; sourceTree = "<group>"; };
		117F49481A96DA4500A31746 /* EZOutput.h */ = {isa = PBXFileReference; fileEncoding = 4; lastKnownFileType = sourcecode.c.h; path = EZOutput.h; sourceTree = "<group>"; };
		117F49491A96DA4500A31746 /* EZOutput.m */ = {isa = PBXFileReference; fileEncoding = 4; lastKnownFileType = sourcecode.c.objc; path = EZOutput.m; sourceTree = "<group>"; };
		117F494A1A96DA4500A31746 /* EZPlot.h */ = {isa = PBXFileReference; fileEncoding = 4; lastKnownFileType = sourcecode.c.h; path = EZPlot.h; sourceTree = "<group>"; };
		117F494B1A96DA4500A31746 /* EZPlot.m */ = {isa = PBXFileReference; fileEncoding = 4; lastKnownFileType = sourcecode.c.objc; path = EZPlot.m; sourceTree = "<group>"; };
		117F494C1A96DA4500A31746 /* EZRecorder.h */ = {isa = PBXFileReference; fileEncoding = 4; lastKnownFileType = sourcecode.c.h; path = EZRecorder.h; sourceTree = "<group>"; };
		117F494D1A96DA4500A31746 /* EZRecorder.m */ = {isa = PBXFileReference; fileEncoding = 4; lastKnownFileType = sourcecode.c.objc; path = EZRecorder.m; sourceTree = "<group>"; };
		117F494E1A96DA4500A31746 /* TPCircularBuffer.c */ = {isa = PBXFileReference; fileEncoding = 4; lastKnownFileType = sourcecode.c.c; path = TPCircularBuffer.c; sourceTree = "<group>"; };
		117F494F1A96DA4500A31746 /* TPCircularBuffer.h */ = {isa = PBXFileReference; fileEncoding = 4; lastKnownFileType = sourcecode.c.h; path = TPCircularBuffer.h; sourceTree = "<group>"; };
		117F49511A96DA4500A31746 /* CHANGELOG */ = {isa = PBXFileReference; fileEncoding = 4; lastKnownFileType = text; path = CHANGELOG; sourceTree = "<group>"; };
		117F49521A96DA4500A31746 /* VERSION */ = {isa = PBXFileReference; fileEncoding = 4; lastKnownFileType = text; path = VERSION; sourceTree = "<group>"; };
		117F49621A96DAFE00A31746 /* MusicController.m */ = {isa = PBXFileReference; fileEncoding = 4; lastKnownFileType = sourcecode.c.objc; name = MusicController.m; path = ../MusicController.m; sourceTree = "<group>"; };
		117F49641A96DB2500A31746 /* MusicController.h */ = {isa = PBXFileReference; fileEncoding = 4; lastKnownFileType = sourcecode.c.h; name = MusicController.h; path = ../MusicController.h; sourceTree = "<group>"; };
		117F49651A96DB8B00A31746 /* PrefixHeader.pch */ = {isa = PBXFileReference; lastKnownFileType = sourcecode.c.h; path = PrefixHeader.pch; sourceTree = "<group>"; };
		118314EE1A96D228004E6425 /* Accelerate.framework */ = {isa = PBXFileReference; lastKnownFileType = wrapper.framework; name = Accelerate.framework; path = System/Library/Frameworks/Accelerate.framework; sourceTree = SDKROOT; };
		118314F01A96D235004E6425 /* GLKit.framework */ = {isa = PBXFileReference; lastKnownFileType = wrapper.framework; name = GLKit.framework; path = System/Library/Frameworks/GLKit.framework; sourceTree = SDKROOT; };
		118314F21A96D24B004E6425 /* AudioToolbox.framework */ = {isa = PBXFileReference; lastKnownFileType = wrapper.framework; name = AudioToolbox.framework; path = System/Library/Frameworks/AudioToolbox.framework; sourceTree = SDKROOT; };
		118314F41A96D259004E6425 /* Foundation.framework */ = {isa = PBXFileReference; lastKnownFileType = wrapper.framework; name = Foundation.framework; path = System/Library/Frameworks/Foundation.framework; sourceTree = SDKROOT; };
		118314F61A96D265004E6425 /* CoreGraphics.framework */ = {isa = PBXFileReference; lastKnownFileType = wrapper.framework; name = CoreGraphics.framework; path = System/Library/Frameworks/CoreGraphics.framework; sourceTree = SDKROOT; };
		118314F81A96D272004E6425 /* UIKit.framework */ = {isa = PBXFileReference; lastKnownFileType = wrapper.framework; name = UIKit.framework; path = System/Library/Frameworks/UIKit.framework; sourceTree = SDKROOT; };
		119F14F41AC18DF60024B019 /* ColorViewCell.swift */ = {isa = PBXFileReference; fileEncoding = 4; lastKnownFileType = sourcecode.swift; path = ColorViewCell.swift; sourceTree = "<group>"; };
		119F14F61AC18ED00024B019 /* ColorPaletteCollectionViewController.swift */ = {isa = PBXFileReference; fileEncoding = 4; lastKnownFileType = sourcecode.swift; path = ColorPaletteCollectionViewController.swift; sourceTree = "<group>"; };
		11AF010C1AA95C6000122F24 /* EstViewController.swift */ = {isa = PBXFileReference; fileEncoding = 4; lastKnownFileType = sourcecode.swift; path = EstViewController.swift; sourceTree = "<group>"; };
		11AF01101AA95D6800122F24 /* ESTBeacon.h */ = {isa = PBXFileReference; fileEncoding = 4; lastKnownFileType = sourcecode.c.h; path = ESTBeacon.h; sourceTree = "<group>"; };
		11AF01111AA95D6800122F24 /* ESTBeaconDefinitions.h */ = {isa = PBXFileReference; fileEncoding = 4; lastKnownFileType = sourcecode.c.h; path = ESTBeaconDefinitions.h; sourceTree = "<group>"; };
		11AF01121AA95D6800122F24 /* ESTBeaconFirmwareVO.h */ = {isa = PBXFileReference; fileEncoding = 4; lastKnownFileType = sourcecode.c.h; path = ESTBeaconFirmwareVO.h; sourceTree = "<group>"; };
		11AF01131AA95D6800122F24 /* ESTBeaconManager.h */ = {isa = PBXFileReference; fileEncoding = 4; lastKnownFileType = sourcecode.c.h; path = ESTBeaconManager.h; sourceTree = "<group>"; };
		11AF01141AA95D6800122F24 /* ESTBeaconRegion.h */ = {isa = PBXFileReference; fileEncoding = 4; lastKnownFileType = sourcecode.c.h; path = ESTBeaconRegion.h; sourceTree = "<group>"; };
		11AF01151AA95D6800122F24 /* ESTBeaconUpdateConfig.h */ = {isa = PBXFileReference; fileEncoding = 4; lastKnownFileType = sourcecode.c.h; path = ESTBeaconUpdateConfig.h; sourceTree = "<group>"; };
		11AF01161AA95D6800122F24 /* ESTBeaconUpdateInfo.h */ = {isa = PBXFileReference; fileEncoding = 4; lastKnownFileType = sourcecode.c.h; path = ESTBeaconUpdateInfo.h; sourceTree = "<group>"; };
		11AF01171AA95D6800122F24 /* ESTBeaconVO.h */ = {isa = PBXFileReference; fileEncoding = 4; lastKnownFileType = sourcecode.c.h; path = ESTBeaconVO.h; sourceTree = "<group>"; };
		11AF01181AA95D6800122F24 /* ESTBulkUpdater.h */ = {isa = PBXFileReference; fileEncoding = 4; lastKnownFileType = sourcecode.c.h; path = ESTBulkUpdater.h; sourceTree = "<group>"; };
		11AF01191AA95D6800122F24 /* ESTConfig.h */ = {isa = PBXFileReference; fileEncoding = 4; lastKnownFileType = sourcecode.c.h; path = ESTConfig.h; sourceTree = "<group>"; };
		11AF011A1AA95D6800122F24 /* ESTDateRule.h */ = {isa = PBXFileReference; fileEncoding = 4; lastKnownFileType = sourcecode.c.h; path = ESTDateRule.h; sourceTree = "<group>"; };
		11AF011B1AA95D6800122F24 /* ESTDefinitions.h */ = {isa = PBXFileReference; fileEncoding = 4; lastKnownFileType = sourcecode.c.h; path = ESTDefinitions.h; sourceTree = "<group>"; };
		11AF011C1AA95D6800122F24 /* ESTFirmwareInfoVO.h */ = {isa = PBXFileReference; fileEncoding = 4; lastKnownFileType = sourcecode.c.h; path = ESTFirmwareInfoVO.h; sourceTree = "<group>"; };
		11AF011D1AA95D6800122F24 /* ESTMotionRule.h */ = {isa = PBXFileReference; fileEncoding = 4; lastKnownFileType = sourcecode.c.h; path = ESTMotionRule.h; sourceTree = "<group>"; };
		11AF011E1AA95D6800122F24 /* ESTNearable.h */ = {isa = PBXFileReference; fileEncoding = 4; lastKnownFileType = sourcecode.c.h; path = ESTNearable.h; sourceTree = "<group>"; };
		11AF011F1AA95D6800122F24 /* ESTNearableDefinitions.h */ = {isa = PBXFileReference; fileEncoding = 4; lastKnownFileType = sourcecode.c.h; path = ESTNearableDefinitions.h; sourceTree = "<group>"; };
		11AF01201AA95D6800122F24 /* ESTNearableManager.h */ = {isa = PBXFileReference; fileEncoding = 4; lastKnownFileType = sourcecode.c.h; path = ESTNearableManager.h; sourceTree = "<group>"; };
		11AF01211AA95D6800122F24 /* ESTNearableRule.h */ = {isa = PBXFileReference; fileEncoding = 4; lastKnownFileType = sourcecode.c.h; path = ESTNearableRule.h; sourceTree = "<group>"; };
		11AF01221AA95D6800122F24 /* ESTOrientationRule.h */ = {isa = PBXFileReference; fileEncoding = 4; lastKnownFileType = sourcecode.c.h; path = ESTOrientationRule.h; sourceTree = "<group>"; };
		11AF01231AA95D6800122F24 /* ESTProximityRule.h */ = {isa = PBXFileReference; fileEncoding = 4; lastKnownFileType = sourcecode.c.h; path = ESTProximityRule.h; sourceTree = "<group>"; };
		11AF01241AA95D6800122F24 /* ESTRule.h */ = {isa = PBXFileReference; fileEncoding = 4; lastKnownFileType = sourcecode.c.h; path = ESTRule.h; sourceTree = "<group>"; };
		11AF01251AA95D6800122F24 /* ESTTemperatureRule.h */ = {isa = PBXFileReference; fileEncoding = 4; lastKnownFileType = sourcecode.c.h; path = ESTTemperatureRule.h; sourceTree = "<group>"; };
		11AF01261AA95D6800122F24 /* ESTTrigger.h */ = {isa = PBXFileReference; fileEncoding = 4; lastKnownFileType = sourcecode.c.h; path = ESTTrigger.h; sourceTree = "<group>"; };
		11AF01271AA95D6800122F24 /* ESTTriggerManager.h */ = {isa = PBXFileReference; fileEncoding = 4; lastKnownFileType = sourcecode.c.h; path = ESTTriggerManager.h; sourceTree = "<group>"; };
		11AF01281AA95D6800122F24 /* libEstimoteSDK.a */ = {isa = PBXFileReference; lastKnownFileType = archive.ar; path = libEstimoteSDK.a; sourceTree = "<group>"; };
		11FDAB4B1AACD2A20055C2AD /* MusicSelectBulbsViewController.swift */ = {isa = PBXFileReference; fileEncoding = 4; lastKnownFileType = sourcecode.swift; path = MusicSelectBulbsViewController.swift; sourceTree = "<group>"; };
		11FDAB4F1AACDA5F0055C2AD /* MusicCell.swift */ = {isa = PBXFileReference; fileEncoding = 4; lastKnownFileType = sourcecode.swift; path = MusicCell.swift; sourceTree = "<group>"; };
		11FDAB531AAFF2460055C2AD /* MusicBulbRangeSelection.swift */ = {isa = PBXFileReference; fileEncoding = 4; lastKnownFileType = sourcecode.swift; path = MusicBulbRangeSelection.swift; sourceTree = "<group>"; };
		11FDAB571AB109510055C2AD /* BeaconBulbTracking.swift */ = {isa = PBXFileReference; fileEncoding = 4; lastKnownFileType = sourcecode.swift; path = BeaconBulbTracking.swift; sourceTree = "<group>"; };
		CC24AE6F1A77EFEA003316FD /* Lights_API.swift */ = {isa = PBXFileReference; fileEncoding = 4; lastKnownFileType = sourcecode.swift; path = Lights_API.swift; sourceTree = "<group>"; };
		CC27D7FE1A802E9C00346F47 /* PrismSDK.swift */ = {isa = PBXFileReference; fileEncoding = 4; lastKnownFileType = sourcecode.swift; path = PrismSDK.swift; sourceTree = "<group>"; };
		CC391F401A7D91F9004C94B5 /* Networking.swift */ = {isa = PBXFileReference; fileEncoding = 4; lastKnownFileType = sourcecode.swift; path = Networking.swift; sourceTree = "<group>"; };
		CC4A46E41A8912FD007DC0F2 /* Settings.swift */ = {isa = PBXFileReference; fileEncoding = 4; lastKnownFileType = sourcecode.swift; path = Settings.swift; sourceTree = "<group>"; };
		CC4A46E61A89130F007DC0F2 /* ModeCell.swift */ = {isa = PBXFileReference; fileEncoding = 4; lastKnownFileType = sourcecode.swift; path = ModeCell.swift; sourceTree = "<group>"; };
		CC9A11FE1AB9003500BDFA85 /* HomeLoadingView.swift */ = {isa = PBXFileReference; fileEncoding = 4; lastKnownFileType = sourcecode.swift; path = HomeLoadingView.swift; sourceTree = "<group>"; };
		CC9E5ECC1A89A16100B19DF6 /* AlarmsTable.swift */ = {isa = PBXFileReference; fileEncoding = 4; lastKnownFileType = sourcecode.swift; path = AlarmsTable.swift; sourceTree = "<group>"; };
		CC9E5ECE1A89B95300B19DF6 /* AlarmCell.swift */ = {isa = PBXFileReference; fileEncoding = 4; lastKnownFileType = sourcecode.swift; path = AlarmCell.swift; sourceTree = "<group>"; };
		CCB135A31AAB9601006E464F /* libEstimoteSDK.a */ = {isa = PBXFileReference; lastKnownFileType = archive.ar; name = libEstimoteSDK.a; path = EstimoteSDK/libEstimoteSDK.a; sourceTree = "<group>"; };
		CCB135A61AAD03C2006E464F /* datething.swift */ = {isa = PBXFileReference; fileEncoding = 4; lastKnownFileType = sourcecode.swift; path = datething.swift; sourceTree = "<group>"; };
		CCB135A91AAD5606006E464F /* Base */ = {isa = PBXFileReference; lastKnownFileType = file.storyboard; name = Base; path = Base.lproj/Main.storyboard; sourceTree = "<group>"; };
		CCB135AB1AAF5727006E464F /* ColorPickerController.swift */ = {isa = PBXFileReference; fileEncoding = 4; lastKnownFileType = sourcecode.swift; path = ColorPickerController.swift; sourceTree = "<group>"; };
		CCB707821AA68A73002BF12B /* ColorPicker.swift */ = {isa = PBXFileReference; fileEncoding = 4; lastKnownFileType = sourcecode.swift; path = ColorPicker.swift; sourceTree = "<group>"; };
		CCB707831AA68A73002BF12B /* ColorSelectorView.swift */ = {isa = PBXFileReference; fileEncoding = 4; lastKnownFileType = sourcecode.swift; path = ColorSelectorView.swift; sourceTree = "<group>"; };
		CCB707841AA68A73002BF12B /* NewColorPickerView.swift */ = {isa = PBXFileReference; fileEncoding = 4; lastKnownFileType = sourcecode.swift; path = NewColorPickerView.swift; sourceTree = "<group>"; };
		CCC54A361ABF1AC4003FF0E2 /* Lights.swift */ = {isa = PBXFileReference; fileEncoding = 4; lastKnownFileType = sourcecode.swift; path = Lights.swift; sourceTree = "<group>"; };
		CCC54A391AC1EA39003FF0E2 /* BulbActivity.swift */ = {isa = PBXFileReference; fileEncoding = 4; lastKnownFileType = sourcecode.swift; path = BulbActivity.swift; sourceTree = "<group>"; };
		CCCB88D41A98D808003D68F4 /* Alarms.swift */ = {isa = PBXFileReference; fileEncoding = 4; lastKnownFileType = sourcecode.swift; path = Alarms.swift; sourceTree = "<group>"; wrapsLines = 1; };
		CCCB88D61A994CFF003D68F4 /* AdvancedSettingsController.swift */ = {isa = PBXFileReference; fileEncoding = 4; lastKnownFileType = sourcecode.swift; path = AdvancedSettingsController.swift; sourceTree = "<group>"; };
		CCCB88DB1A9BAAD8003D68F4 /* AlarmDetail.swift */ = {isa = PBXFileReference; fileEncoding = 4; lastKnownFileType = sourcecode.swift; path = AlarmDetail.swift; sourceTree = "<group>"; };
		CCCD59251A7800D6008B209D /* Groups_API.swift */ = {isa = PBXFileReference; fileEncoding = 4; lastKnownFileType = sourcecode.swift; path = Groups_API.swift; sourceTree = "<group>"; };
		CCCD59271A7800EA008B209D /* Schedules_API.swift */ = {isa = PBXFileReference; fileEncoding = 4; lastKnownFileType = sourcecode.swift; path = Schedules_API.swift; sourceTree = "<group>"; };
		CCCD59291A7800FE008B209D /* Scenes_API.swift */ = {isa = PBXFileReference; fileEncoding = 4; lastKnownFileType = sourcecode.swift; path = Scenes_API.swift; sourceTree = "<group>"; };
		CCCD592B1A78010F008B209D /* Sensors_API.swift */ = {isa = PBXFileReference; fileEncoding = 4; lastKnownFileType = sourcecode.swift; path = Sensors_API.swift; sourceTree = "<group>"; };
		CCCD592D1A78011E008B209D /* Rules_API.swift */ = {isa = PBXFileReference; fileEncoding = 4; lastKnownFileType = sourcecode.swift; path = Rules_API.swift; sourceTree = "<group>"; };
		CCCD592F1A78012F008B209D /* Configuration_API.swift */ = {isa = PBXFileReference; fileEncoding = 4; lastKnownFileType = sourcecode.swift; path = Configuration_API.swift; sourceTree = "<group>"; };
		CCCD59311A780140008B209D /* Info_API.swift */ = {isa = PBXFileReference; fileEncoding = 4; lastKnownFileType = sourcecode.swift; path = Info_API.swift; sourceTree = "<group>"; };
/* End PBXFileReference section */

/* Begin PBXFrameworksBuildPhase section */
		0D98624B1A1D2C0B00FAD175 /* Frameworks */ = {
			isa = PBXFrameworksBuildPhase;
			buildActionMask = 2147483647;
			files = (
				CCB135A41AAB9601006E464F /* libEstimoteSDK.a in Frameworks */,
				0D799B181A3926FD00E9DDF2 /* AVFoundation.framework in Frameworks */,
				118314EF1A96D228004E6425 /* Accelerate.framework in Frameworks */,
				118314F11A96D235004E6425 /* GLKit.framework in Frameworks */,
				118314F31A96D24B004E6425 /* AudioToolbox.framework in Frameworks */,
				118314F71A96D265004E6425 /* CoreGraphics.framework in Frameworks */,
				118314F91A96D272004E6425 /* UIKit.framework in Frameworks */,
				118314F51A96D259004E6425 /* Foundation.framework in Frameworks */,
				0D5980F21A3E9279007C4EF1 /* QuartzCore.framework in Frameworks */,
				0D799B161A3926F400E9DDF2 /* MobileCoreServices.framework in Frameworks */,
				0D799B141A3926E800E9DDF2 /* SystemConfiguration.framework in Frameworks */,
				0D799B121A3926DC00E9DDF2 /* CoreLocation.framework in Frameworks */,
				0D3A78FF1A26A70B003AC6D4 /* HueSDK_iOS.framework in Frameworks */,
				0D799B101A39260200E9DDF2 /* Wit.framework in Frameworks */,
			);
			runOnlyForDeploymentPostprocessing = 0;
		};
		0D9862621A1D2C0B00FAD175 /* Frameworks */ = {
			isa = PBXFrameworksBuildPhase;
			buildActionMask = 2147483647;
			files = (
				0D3A79001A26A70B003AC6D4 /* HueSDK_iOS.framework in Frameworks */,
			);
			runOnlyForDeploymentPostprocessing = 0;
		};
/* End PBXFrameworksBuildPhase section */

/* Begin PBXGroup section */
		0D0A26D61A376D410033550D /* Home */ = {
			isa = PBXGroup;
			children = (
				0D0A26D91A38AFA10033550D /* Bulb Settings */,
				0D9357E61A2D4BB100AAD52D /* BulbCollectionCell.swift */,
				0D9862551A1D2C0B00FAD175 /* HomeController.swift */,
				CC9A11FE1AB9003500BDFA85 /* HomeLoadingView.swift */,
			);
			name = Home;
			sourceTree = "<group>";
		};
		0D0A26D71A376D4A0033550D /* Music */ = {
			isa = PBXGroup;
			children = (
				11FDAB4B1AACD2A20055C2AD /* MusicSelectBulbsViewController.swift */,
				11FDAB531AAFF2460055C2AD /* MusicBulbRangeSelection.swift */,
				117F49641A96DB2500A31746 /* MusicController.h */,
				117F49621A96DAFE00A31746 /* MusicController.m */,
				0D9862571A1D2C0B00FAD175 /* MusicViewController.swift */,
				11FDAB4F1AACDA5F0055C2AD /* MusicCell.swift */,
				1168EAD61ABF973300FC7CD9 /* ColorView.swift */,
				119F14F61AC18ED00024B019 /* ColorPaletteCollectionViewController.swift */,
				119F14F41AC18DF60024B019 /* ColorViewCell.swift */,
			);
			name = Music;
			sourceTree = "<group>";
		};
		0D0A26D81A376D510033550D /* Main Settings */ = {
			isa = PBXGroup;
			children = (
				0D0A26DA1A38B6E70033550D /* SettingsTableViewController.swift */,
				CC7DBD9E1A8A8F9E00DDAAAB /* About */,
				CC7DBD9D1A8A8F7400DDAAAB /* Settings */,
				CC7DBD9C1A8A8F6600DDAAAB /* Bridge Information */,
			);
			name = "Main Settings";
			sourceTree = "<group>";
		};
		0D0A26D91A38AFA10033550D /* Bulb Settings */ = {
			isa = PBXGroup;
			children = (
				CC9E5ECB1A89A07C00B19DF6 /* Advanced Settings */,
				0D8B27A31A3A0B3A0069372C /* BulbSettings.swift */,
				0D8B27A51A3A0B7C0069372C /* ColorPickerView.swift */,
			);
			name = "Bulb Settings";
			sourceTree = "<group>";
		};
		0D3A79011A26A716003AC6D4 /* Lumberjack */ = {
			isa = PBXGroup;
			children = (
				0D3A79021A26A716003AC6D4 /* DDAbstractDatabaseLogger.h */,
				0D3A79031A26A716003AC6D4 /* DDAbstractDatabaseLogger.m */,
				0D3A79041A26A716003AC6D4 /* DDASLLogger.h */,
				0D3A79051A26A716003AC6D4 /* DDASLLogger.m */,
				0D3A79061A26A716003AC6D4 /* DDFileLogger.h */,
				0D3A79071A26A716003AC6D4 /* DDFileLogger.m */,
				0D3A79081A26A716003AC6D4 /* DDLog.h */,
				0D3A79091A26A716003AC6D4 /* DDLog.m */,
				0D3A790A1A26A716003AC6D4 /* DDTTYLogger.h */,
				0D3A790B1A26A716003AC6D4 /* DDTTYLogger.m */,
				0D3A790C1A26A716003AC6D4 /* Extensions */,
			);
			path = Lumberjack;
			sourceTree = "<group>";
		};
		0D3A790C1A26A716003AC6D4 /* Extensions */ = {
			isa = PBXGroup;
			children = (
				0D3A790D1A26A716003AC6D4 /* ContextFilterLogFormatter.h */,
				0D3A790E1A26A716003AC6D4 /* ContextFilterLogFormatter.m */,
				0D3A790F1A26A716003AC6D4 /* DispatchQueueLogFormatter.h */,
				0D3A79101A26A716003AC6D4 /* DispatchQueueLogFormatter.m */,
			);
			path = Extensions;
			sourceTree = "<group>";
		};
		0D799B191A392D8000E9DDF2 /* Frameworks */ = {
			isa = PBXGroup;
			children = (
				CCB135A31AAB9601006E464F /* libEstimoteSDK.a */,
				117F49371A96DA4500A31746 /* EZAudio */,
				CC24AE6E1A77EFC2003316FD /* Hue_Restful_API */,
				11AF010E1AA95D6800122F24 /* EstimoteSDK */,
				118314F81A96D272004E6425 /* UIKit.framework */,
				118314F61A96D265004E6425 /* CoreGraphics.framework */,
				118314F41A96D259004E6425 /* Foundation.framework */,
				118314F21A96D24B004E6425 /* AudioToolbox.framework */,
				118314F01A96D235004E6425 /* GLKit.framework */,
				118314EE1A96D228004E6425 /* Accelerate.framework */,
				0D5980F11A3E9279007C4EF1 /* QuartzCore.framework */,
				0D3A78FE1A26A70B003AC6D4 /* HueSDK_iOS.framework */,
				0D799B171A3926FD00E9DDF2 /* AVFoundation.framework */,
				0D799B151A3926F400E9DDF2 /* MobileCoreServices.framework */,
				0D799B131A3926E800E9DDF2 /* SystemConfiguration.framework */,
				0D799B111A3926DC00E9DDF2 /* CoreLocation.framework */,
				0D799B0D1A39260200E9DDF2 /* Wit.bundle */,
				0D799B0E1A39260200E9DDF2 /* Wit.framework */,
			);
			name = Frameworks;
			sourceTree = "<group>";
		};
		0D9862451A1D2C0B00FAD175 = {
			isa = PBXGroup;
			children = (
				0D9862501A1D2C0B00FAD175 /* Prism Lights */,
				0D9862681A1D2C0B00FAD175 /* Prism LightsTests */,
				0D799B191A392D8000E9DDF2 /* Frameworks */,
				0D98624F1A1D2C0B00FAD175 /* Products */,
				0D3A79011A26A716003AC6D4 /* Lumberjack */,
			);
			sourceTree = "<group>";
		};
		0D98624F1A1D2C0B00FAD175 /* Products */ = {
			isa = PBXGroup;
			children = (
				0D98624E1A1D2C0B00FAD175 /* Prism Lights.app */,
				0D9862651A1D2C0B00FAD175 /* Prism LightsTests.xctest */,
			);
			name = Products;
			sourceTree = "<group>";
		};
		0D9862501A1D2C0B00FAD175 /* Prism Lights */ = {
			isa = PBXGroup;
			children = (
				0D9862531A1D2C0B00FAD175 /* AppDelegate.swift */,
				0D0A26D41A3766C70033550D /* TabViewController.swift */,
				0D98625E1A1D2C0B00FAD175 /* LaunchScreen.xib */,
				CCB135A81AAD5606006E464F /* Main.storyboard */,
				0D3A78F61A26A6AA003AC6D4 /* Prism Lights-Bridging-Header.h */,
				0D98625C1A1D2C0B00FAD175 /* Images.xcassets */,
				0D0A26D81A376D510033550D /* Main Settings */,
				0D0A26D61A376D410033550D /* Home */,
				0D0A26D71A376D4A0033550D /* Music */,
				0D9862511A1D2C0B00FAD175 /* Supporting Files */,
				117F49651A96DB8B00A31746 /* PrefixHeader.pch */,
				CCB135A11AAB8095006E464F /* ColorPicker */,
				CCB135A21AAB8261006E464F /* HueSDK_API */,
				CCC54A391AC1EA39003FF0E2 /* BulbActivity.swift */,
			);
			path = "Prism Lights";
			sourceTree = "<group>";
		};
		0D9862511A1D2C0B00FAD175 /* Supporting Files */ = {
			isa = PBXGroup;
			children = (
				0D9862521A1D2C0B00FAD175 /* Info.plist */,
			);
			name = "Supporting Files";
			sourceTree = "<group>";
		};
		0D9862681A1D2C0B00FAD175 /* Prism LightsTests */ = {
			isa = PBXGroup;
			children = (
				0D98626B1A1D2C0B00FAD175 /* Prism_LightsTests.swift */,
				0D9862691A1D2C0B00FAD175 /* Supporting Files */,
			);
			path = "Prism LightsTests";
			sourceTree = "<group>";
		};
		0D9862691A1D2C0B00FAD175 /* Supporting Files */ = {
			isa = PBXGroup;
			children = (
				0D98626A1A1D2C0B00FAD175 /* Info.plist */,
			);
			name = "Supporting Files";
			sourceTree = "<group>";
		};
		117F49371A96DA4500A31746 /* EZAudio */ = {
			isa = PBXGroup;
			children = (
				117F49381A96DA4500A31746 /* AEFloatConverter.h */,
				117F49391A96DA4500A31746 /* AEFloatConverter.m */,
				117F493A1A96DA4500A31746 /* EZAudio.h */,
				117F493B1A96DA4500A31746 /* EZAudio.m */,
				117F493C1A96DA4500A31746 /* EZAudioFile.h */,
				117F493D1A96DA4500A31746 /* EZAudioFile.m */,
				117F493E1A96DA4500A31746 /* EZAudioPlayer.h */,
				117F493F1A96DA4500A31746 /* EZAudioPlayer.m */,
				117F49401A96DA4500A31746 /* EZAudioPlot.h */,
				117F49411A96DA4500A31746 /* EZAudioPlot.m */,
				117F49421A96DA4500A31746 /* EZAudioPlotGL.h */,
				117F49431A96DA4500A31746 /* EZAudioPlotGL.m */,
				117F49441A96DA4500A31746 /* EZAudioPlotGLKViewController.h */,
				117F49451A96DA4500A31746 /* EZAudioPlotGLKViewController.m */,
				117F49461A96DA4500A31746 /* EZMicrophone.h */,
				117F49471A96DA4500A31746 /* EZMicrophone.m */,
				117F49481A96DA4500A31746 /* EZOutput.h */,
				117F49491A96DA4500A31746 /* EZOutput.m */,
				117F494A1A96DA4500A31746 /* EZPlot.h */,
				117F494B1A96DA4500A31746 /* EZPlot.m */,
				117F494C1A96DA4500A31746 /* EZRecorder.h */,
				117F494D1A96DA4500A31746 /* EZRecorder.m */,
				117F494E1A96DA4500A31746 /* TPCircularBuffer.c */,
				117F494F1A96DA4500A31746 /* TPCircularBuffer.h */,
				117F49501A96DA4500A31746 /* VERSION */,
			);
			name = EZAudio;
			path = "Prism Lights/EZAudio";
			sourceTree = "<group>";
		};
		117F49501A96DA4500A31746 /* VERSION */ = {
			isa = PBXGroup;
			children = (
				117F49511A96DA4500A31746 /* CHANGELOG */,
				117F49521A96DA4500A31746 /* VERSION */,
			);
			path = VERSION;
			sourceTree = "<group>";
		};
		11AF010E1AA95D6800122F24 /* EstimoteSDK */ = {
			isa = PBXGroup;
			children = (
				11AF010F1AA95D6800122F24 /* Headers */,
				11AF01281AA95D6800122F24 /* libEstimoteSDK.a */,
			);
			name = EstimoteSDK;
			path = "Prism Lights/EstimoteSDK";
			sourceTree = "<group>";
		};
		11AF010F1AA95D6800122F24 /* Headers */ = {
			isa = PBXGroup;
			children = (
				11AF01101AA95D6800122F24 /* ESTBeacon.h */,
				11AF01111AA95D6800122F24 /* ESTBeaconDefinitions.h */,
				11AF01121AA95D6800122F24 /* ESTBeaconFirmwareVO.h */,
				11AF01131AA95D6800122F24 /* ESTBeaconManager.h */,
				11AF01141AA95D6800122F24 /* ESTBeaconRegion.h */,
				11AF01151AA95D6800122F24 /* ESTBeaconUpdateConfig.h */,
				11AF01161AA95D6800122F24 /* ESTBeaconUpdateInfo.h */,
				11AF01171AA95D6800122F24 /* ESTBeaconVO.h */,
				11AF01181AA95D6800122F24 /* ESTBulkUpdater.h */,
				11AF01191AA95D6800122F24 /* ESTConfig.h */,
				11AF011A1AA95D6800122F24 /* ESTDateRule.h */,
				11AF011B1AA95D6800122F24 /* ESTDefinitions.h */,
				11AF011C1AA95D6800122F24 /* ESTFirmwareInfoVO.h */,
				11AF011D1AA95D6800122F24 /* ESTMotionRule.h */,
				11AF011E1AA95D6800122F24 /* ESTNearable.h */,
				11AF011F1AA95D6800122F24 /* ESTNearableDefinitions.h */,
				11AF01201AA95D6800122F24 /* ESTNearableManager.h */,
				11AF01211AA95D6800122F24 /* ESTNearableRule.h */,
				11AF01221AA95D6800122F24 /* ESTOrientationRule.h */,
				11AF01231AA95D6800122F24 /* ESTProximityRule.h */,
				11AF01241AA95D6800122F24 /* ESTRule.h */,
				11AF01251AA95D6800122F24 /* ESTTemperatureRule.h */,
				11AF01261AA95D6800122F24 /* ESTTrigger.h */,
				11AF01271AA95D6800122F24 /* ESTTriggerManager.h */,
			);
			path = Headers;
			sourceTree = "<group>";
		};
		CC24AE6E1A77EFC2003316FD /* Hue_Restful_API */ = {
			isa = PBXGroup;
			children = (
				CC24AE6F1A77EFEA003316FD /* Lights_API.swift */,
				CCCD59251A7800D6008B209D /* Groups_API.swift */,
				CCCD59271A7800EA008B209D /* Schedules_API.swift */,
				CCCD59291A7800FE008B209D /* Scenes_API.swift */,
				CCCD592B1A78010F008B209D /* Sensors_API.swift */,
				CCCD592D1A78011E008B209D /* Rules_API.swift */,
				CCCD592F1A78012F008B209D /* Configuration_API.swift */,
				CCCD59311A780140008B209D /* Info_API.swift */,
				CC391F401A7D91F9004C94B5 /* Networking.swift */,
				CC27D7FE1A802E9C00346F47 /* PrismSDK.swift */,
			);
			name = Hue_Restful_API;
			path = "Prism Lights";
			sourceTree = "<group>";
		};
		CC7DBD9C1A8A8F6600DDAAAB /* Bridge Information */ = {
			isa = PBXGroup;
			children = (
				0D4F25441A2AD34A005C61EA /* BridgeConnect.swift */,
				0DB347421A2D5BCE00B91EF2 /* PushAuthController.swift */,
			);
			name = "Bridge Information";
			sourceTree = "<group>";
		};
		CC7DBD9D1A8A8F7400DDAAAB /* Settings */ = {
			isa = PBXGroup;
			children = (
				CC4A46E41A8912FD007DC0F2 /* Settings.swift */,
				CC4A46E61A89130F007DC0F2 /* ModeCell.swift */,
			);
			name = Settings;
			sourceTree = "<group>";
		};
		CC7DBD9E1A8A8F9E00DDAAAB /* About */ = {
			isa = PBXGroup;
			children = (
			);
			name = About;
			sourceTree = "<group>";
		};
		CC9E5ECB1A89A07C00B19DF6 /* Advanced Settings */ = {
			isa = PBXGroup;
			children = (
				CCCB88D61A994CFF003D68F4 /* AdvancedSettingsController.swift */,
				CCCB88DA1A9BA266003D68F4 /* Beacons */,
				CCCB88D91A9BA25E003D68F4 /* Color Cycle */,
				CCCB88D81A9BA251003D68F4 /* Alarm */,
			);
			name = "Advanced Settings";
			sourceTree = "<group>";
		};
		CCB135A11AAB8095006E464F /* ColorPicker */ = {
			isa = PBXGroup;
			children = (
				CCB707821AA68A73002BF12B /* ColorPicker.swift */,
				CCB707831AA68A73002BF12B /* ColorSelectorView.swift */,
				CCB707841AA68A73002BF12B /* NewColorPickerView.swift */,
				CCB135AB1AAF5727006E464F /* ColorPickerController.swift */,
			);
			name = ColorPicker;
			sourceTree = "<group>";
		};
		CCB135A21AAB8261006E464F /* HueSDK_API */ = {
			isa = PBXGroup;
			children = (
				CCCB88D41A98D808003D68F4 /* Alarms.swift */,
				CCC54A361ABF1AC4003FF0E2 /* Lights.swift */,
			);
			name = HueSDK_API;
			sourceTree = "<group>";
		};
		CCCB88D81A9BA251003D68F4 /* Alarm */ = {
			isa = PBXGroup;
			children = (
				CC9E5ECC1A89A16100B19DF6 /* AlarmsTable.swift */,
				CC9E5ECE1A89B95300B19DF6 /* AlarmCell.swift */,
				CCCB88DB1A9BAAD8003D68F4 /* AlarmDetail.swift */,
				CCB135A61AAD03C2006E464F /* datething.swift */,
			);
			name = Alarm;
			sourceTree = "<group>";
		};
		CCCB88D91A9BA25E003D68F4 /* Color Cycle */ = {
			isa = PBXGroup;
			children = (
			);
			name = "Color Cycle";
			sourceTree = "<group>";
		};
		CCCB88DA1A9BA266003D68F4 /* Beacons */ = {
			isa = PBXGroup;
			children = (
				11FDAB571AB109510055C2AD /* BeaconBulbTracking.swift */,
				11AF010C1AA95C6000122F24 /* EstViewController.swift */,
			);
			name = Beacons;
			sourceTree = "<group>";
		};
/* End PBXGroup section */

/* Begin PBXNativeTarget section */
		0D98624D1A1D2C0B00FAD175 /* Prism Lights */ = {
			isa = PBXNativeTarget;
			buildConfigurationList = 0D98626F1A1D2C0B00FAD175 /* Build configuration list for PBXNativeTarget "Prism Lights" */;
			buildPhases = (
				0D98624A1A1D2C0B00FAD175 /* Sources */,
				0D98624B1A1D2C0B00FAD175 /* Frameworks */,
				0D98624C1A1D2C0B00FAD175 /* Resources */,
				CC96AD961ABE59120025896F /* ShellScript */,
			);
			buildRules = (
			);
			dependencies = (
			);
			name = "Prism Lights";
			productName = "Prism Lights";
			productReference = 0D98624E1A1D2C0B00FAD175 /* Prism Lights.app */;
			productType = "com.apple.product-type.application";
		};
		0D9862641A1D2C0B00FAD175 /* Prism LightsTests */ = {
			isa = PBXNativeTarget;
			buildConfigurationList = 0D9862721A1D2C0B00FAD175 /* Build configuration list for PBXNativeTarget "Prism LightsTests" */;
			buildPhases = (
				0D9862611A1D2C0B00FAD175 /* Sources */,
				0D9862621A1D2C0B00FAD175 /* Frameworks */,
				0D9862631A1D2C0B00FAD175 /* Resources */,
			);
			buildRules = (
			);
			dependencies = (
				0D9862671A1D2C0B00FAD175 /* PBXTargetDependency */,
			);
			name = "Prism LightsTests";
			productName = "Prism LightsTests";
			productReference = 0D9862651A1D2C0B00FAD175 /* Prism LightsTests.xctest */;
			productType = "com.apple.product-type.bundle.unit-test";
		};
/* End PBXNativeTarget section */

/* Begin PBXProject section */
		0D9862461A1D2C0B00FAD175 /* Project object */ = {
			isa = PBXProject;
			attributes = {
				LastUpgradeCheck = 0620;
				ORGANIZATIONNAME = Prism;
				TargetAttributes = {
					0D98624D1A1D2C0B00FAD175 = {
						CreatedOnToolsVersion = 6.1;
						DevelopmentTeam = HD79G6T428;
					};
					0D9862641A1D2C0B00FAD175 = {
						CreatedOnToolsVersion = 6.1;
						DevelopmentTeam = HD79G6T428;
						TestTargetID = 0D98624D1A1D2C0B00FAD175;
					};
				};
			};
			buildConfigurationList = 0D9862491A1D2C0B00FAD175 /* Build configuration list for PBXProject "Prism Lights" */;
			compatibilityVersion = "Xcode 3.2";
			developmentRegion = English;
			hasScannedForEncodings = 0;
			knownRegions = (
				en,
				Base,
			);
			mainGroup = 0D9862451A1D2C0B00FAD175;
			productRefGroup = 0D98624F1A1D2C0B00FAD175 /* Products */;
			projectDirPath = "";
			projectRoot = "";
			targets = (
				0D98624D1A1D2C0B00FAD175 /* Prism Lights */,
				0D9862641A1D2C0B00FAD175 /* Prism LightsTests */,
			);
		};
/* End PBXProject section */

/* Begin PBXResourcesBuildPhase section */
		0D98624C1A1D2C0B00FAD175 /* Resources */ = {
			isa = PBXResourcesBuildPhase;
			buildActionMask = 2147483647;
			files = (
				CC96AD951ABE26E60025896F /* LaunchScreen.xib in Resources */,
				CC96AD941ABE26E00025896F /* Main.storyboard in Resources */,
				0D799B0F1A39260200E9DDF2 /* Wit.bundle in Resources */,
				117F49601A96DA4500A31746 /* VERSION in Resources */,
				0D98625D1A1D2C0B00FAD175 /* Images.xcassets in Resources */,
				117F495F1A96DA4500A31746 /* CHANGELOG in Resources */,
			);
			runOnlyForDeploymentPostprocessing = 0;
		};
		0D9862631A1D2C0B00FAD175 /* Resources */ = {
			isa = PBXResourcesBuildPhase;
			buildActionMask = 2147483647;
			files = (
			);
			runOnlyForDeploymentPostprocessing = 0;
		};
/* End PBXResourcesBuildPhase section */

/* Begin PBXShellScriptBuildPhase section */
		CC96AD961ABE59120025896F /* ShellScript */ = {
			isa = PBXShellScriptBuildPhase;
			buildActionMask = 2147483647;
			files = (
			);
			inputPaths = (
			);
			outputPaths = (
			);
			runOnlyForDeploymentPostprocessing = 0;
			shellPath = /bin/sh;
			shellScript = "TAGS=\"TODO:|FIXME:\"\necho \"searching ${SRCROOT} for ${TAGS}\"\nfind \"${SRCROOT}\" \\( -name \"*.swift\" -or -name \"*.m\" \\) -print0 | xargs -0 egrep --with-filename --line-number --only-matching \"($TAGS).*\\$\" | perl -p -e \"s/($TAGS)/ warning: \\$1/\"";
		};
/* End PBXShellScriptBuildPhase section */

/* Begin PBXSourcesBuildPhase section */
		0D98624A1A1D2C0B00FAD175 /* Sources */ = {
			isa = PBXSourcesBuildPhase;
			buildActionMask = 2147483647;
			files = (
				0D9357E71A2D4BB100AAD52D /* BulbCollectionCell.swift in Sources */,
				CCB135A71AAD03C2006E464F /* datething.swift in Sources */,
				117F49631A96DAFE00A31746 /* MusicController.m in Sources */,
				0D3A79171A26A716003AC6D4 /* DDLog.m in Sources */,
				0D3A79191A26A716003AC6D4 /* DDTTYLogger.m in Sources */,
				CC391F411A7D91F9004C94B5 /* Networking.swift in Sources */,
				CC9E5ECF1A89B95300B19DF6 /* AlarmCell.swift in Sources */,
				CCCD592E1A78011E008B209D /* Rules_API.swift in Sources */,
				0D8B27A61A3A0B7C0069372C /* ColorPickerView.swift in Sources */,
				CCCB88D51A98D808003D68F4 /* Alarms.swift in Sources */,
				0D8B27A41A3A0B3A0069372C /* BulbSettings.swift in Sources */,
				CCCD59301A78012F008B209D /* Configuration_API.swift in Sources */,
				117F495B1A96DA4500A31746 /* EZOutput.m in Sources */,
				CCB707871AA68A73002BF12B /* NewColorPickerView.swift in Sources */,
				117F49561A96DA4500A31746 /* EZAudioPlayer.m in Sources */,
				CC9A11FF1AB9003500BDFA85 /* HomeLoadingView.swift in Sources */,
				CCCB88D71A994CFF003D68F4 /* AdvancedSettingsController.swift in Sources */,
				CC9E5ECD1A89A16100B19DF6 /* AlarmsTable.swift in Sources */,
				0D9862581A1D2C0B00FAD175 /* MusicViewController.swift in Sources */,
				117F49541A96DA4500A31746 /* EZAudio.m in Sources */,
				CC24AE701A77EFEA003316FD /* Lights_API.swift in Sources */,
				CCCB88DC1A9BAAD8003D68F4 /* AlarmDetail.swift in Sources */,
				0D3A79151A26A716003AC6D4 /* DDFileLogger.m in Sources */,
				117F49551A96DA4500A31746 /* EZAudioFile.m in Sources */,
				0D9862541A1D2C0B00FAD175 /* AppDelegate.swift in Sources */,
				CCC54A3A1AC1EA39003FF0E2 /* BulbActivity.swift in Sources */,
				117F495C1A96DA4500A31746 /* EZPlot.m in Sources */,
				0D3A791D1A26A716003AC6D4 /* DispatchQueueLogFormatter.m in Sources */,
				0DB347431A2D5BCE00B91EF2 /* PushAuthController.swift in Sources */,
				11FDAB581AB109510055C2AD /* BeaconBulbTracking.swift in Sources */,
				0D3A79111A26A716003AC6D4 /* DDAbstractDatabaseLogger.m in Sources */,
				11FDAB501AACDA5F0055C2AD /* MusicCell.swift in Sources */,
				0D9862561A1D2C0B00FAD175 /* HomeController.swift in Sources */,
				117F495A1A96DA4500A31746 /* EZMicrophone.m in Sources */,
				CCCD59261A7800D6008B209D /* Groups_API.swift in Sources */,
				11AF010D1AA95C6000122F24 /* EstViewController.swift in Sources */,
				CCB707851AA68A73002BF12B /* ColorPicker.swift in Sources */,
				117F495D1A96DA4500A31746 /* EZRecorder.m in Sources */,
				11FDAB4C1AACD2A20055C2AD /* MusicSelectBulbsViewController.swift in Sources */,
				119F14F71AC18ED00024B019 /* ColorPaletteCollectionViewController.swift in Sources */,
				CCCD592A1A7800FE008B209D /* Scenes_API.swift in Sources */,
				CCB707861AA68A73002BF12B /* ColorSelectorView.swift in Sources */,
				CC4A46E71A89130F007DC0F2 /* ModeCell.swift in Sources */,
				CC4A46E51A8912FD007DC0F2 /* Settings.swift in Sources */,
				CC27D7FF1A802E9C00346F47 /* PrismSDK.swift in Sources */,
				CCCD59281A7800EA008B209D /* Schedules_API.swift in Sources */,
				119F14F51AC18DF60024B019 /* ColorViewCell.swift in Sources */,
				117F49591A96DA4500A31746 /* EZAudioPlotGLKViewController.m in Sources */,
				117F49531A96DA4500A31746 /* AEFloatConverter.m in Sources */,
				0D3A79131A26A716003AC6D4 /* DDASLLogger.m in Sources */,
				11FDAB541AAFF2460055C2AD /* MusicBulbRangeSelection.swift in Sources */,
				117F49571A96DA4500A31746 /* EZAudioPlot.m in Sources */,
				0D0A26DB1A38B6E70033550D /* SettingsTableViewController.swift in Sources */,
				0D4F25451A2AD34A005C61EA /* BridgeConnect.swift in Sources */,
				0D0A26D51A3766C70033550D /* TabViewController.swift in Sources */,
				CCB135AC1AAF5727006E464F /* ColorPickerController.swift in Sources */,
				117F49581A96DA4500A31746 /* EZAudioPlotGL.m in Sources */,
				1168EAD71ABF973300FC7CD9 /* ColorView.swift in Sources */,
				CCC54A381AC0FAC5003FF0E2 /* Info_API.swift in Sources */,
				CCC54A371ABF1AC4003FF0E2 /* Lights.swift in Sources */,
				117F495E1A96DA4500A31746 /* TPCircularBuffer.c in Sources */,
				0D3A791B1A26A716003AC6D4 /* ContextFilterLogFormatter.m in Sources */,
			);
			runOnlyForDeploymentPostprocessing = 0;
		};
		0D9862611A1D2C0B00FAD175 /* Sources */ = {
			isa = PBXSourcesBuildPhase;
			buildActionMask = 2147483647;
			files = (
				0D9357E21A2CC48500AAD52D /* DDLog.m in Sources */,
				0D9357E31A2CC48800AAD52D /* DDFileLogger.m in Sources */,
				0D3A791E1A26A716003AC6D4 /* DispatchQueueLogFormatter.m in Sources */,
				0D9357E11A2CC48200AAD52D /* DDTTYLogger.m in Sources */,
				0D3A791C1A26A716003AC6D4 /* ContextFilterLogFormatter.m in Sources */,
				0D9357E41A2CC48C00AAD52D /* DDASLLogger.m in Sources */,
				0D9357E51A2CC48F00AAD52D /* DDAbstractDatabaseLogger.m in Sources */,
				0D98626C1A1D2C0B00FAD175 /* Prism_LightsTests.swift in Sources */,
			);
			runOnlyForDeploymentPostprocessing = 0;
		};
/* End PBXSourcesBuildPhase section */

/* Begin PBXTargetDependency section */
		0D9862671A1D2C0B00FAD175 /* PBXTargetDependency */ = {
			isa = PBXTargetDependency;
			target = 0D98624D1A1D2C0B00FAD175 /* Prism Lights */;
			targetProxy = 0D9862661A1D2C0B00FAD175 /* PBXContainerItemProxy */;
		};
/* End PBXTargetDependency section */

/* Begin PBXVariantGroup section */
		0D98625E1A1D2C0B00FAD175 /* LaunchScreen.xib */ = {
			isa = PBXVariantGroup;
			children = (
				0D98625F1A1D2C0B00FAD175 /* Base */,
			);
			name = LaunchScreen.xib;
			sourceTree = "<group>";
		};
		CCB135A81AAD5606006E464F /* Main.storyboard */ = {
			isa = PBXVariantGroup;
			children = (
				CCB135A91AAD5606006E464F /* Base */,
			);
			name = Main.storyboard;
			sourceTree = "<group>";
		};
/* End PBXVariantGroup section */

/* Begin XCBuildConfiguration section */
		0D98626D1A1D2C0B00FAD175 /* Debug */ = {
			isa = XCBuildConfiguration;
			buildSettings = {
				ALWAYS_SEARCH_USER_PATHS = NO;
				CLANG_CXX_LANGUAGE_STANDARD = "gnu++0x";
				CLANG_CXX_LIBRARY = "libc++";
				CLANG_ENABLE_MODULES = YES;
				CLANG_ENABLE_OBJC_ARC = YES;
				CLANG_WARN_BOOL_CONVERSION = YES;
				CLANG_WARN_CONSTANT_CONVERSION = YES;
				CLANG_WARN_DIRECT_OBJC_ISA_USAGE = YES_ERROR;
				CLANG_WARN_EMPTY_BODY = YES;
				CLANG_WARN_ENUM_CONVERSION = YES;
				CLANG_WARN_INT_CONVERSION = YES;
				CLANG_WARN_OBJC_ROOT_CLASS = YES_ERROR;
				CLANG_WARN_UNREACHABLE_CODE = YES;
				CLANG_WARN__DUPLICATE_METHOD_MATCH = YES;
				"CODE_SIGN_IDENTITY[sdk=iphoneos*]" = "iPhone Developer";
				COPY_PHASE_STRIP = NO;
				ENABLE_STRICT_OBJC_MSGSEND = YES;
				GCC_C_LANGUAGE_STANDARD = gnu99;
				GCC_DYNAMIC_NO_PIC = NO;
				GCC_OPTIMIZATION_LEVEL = 0;
				GCC_PREPROCESSOR_DEFINITIONS = (
					"DEBUG=1",
					"$(inherited)",
				);
				GCC_SYMBOLS_PRIVATE_EXTERN = NO;
				GCC_WARN_64_TO_32_BIT_CONVERSION = YES;
				GCC_WARN_ABOUT_RETURN_TYPE = YES_ERROR;
				GCC_WARN_UNDECLARED_SELECTOR = YES;
				GCC_WARN_UNINITIALIZED_AUTOS = YES_AGGRESSIVE;
				GCC_WARN_UNUSED_FUNCTION = YES;
				GCC_WARN_UNUSED_VARIABLE = YES;
				IPHONEOS_DEPLOYMENT_TARGET = 8.1;
				MTL_ENABLE_DEBUG_INFO = YES;
				ONLY_ACTIVE_ARCH = YES;
				SDKROOT = iphoneos;
				SWIFT_OPTIMIZATION_LEVEL = "-Onone";
				TARGETED_DEVICE_FAMILY = "1,2";
			};
			name = Debug;
		};
		0D98626E1A1D2C0B00FAD175 /* Release */ = {
			isa = XCBuildConfiguration;
			buildSettings = {
				ALWAYS_SEARCH_USER_PATHS = NO;
				CLANG_CXX_LANGUAGE_STANDARD = "gnu++0x";
				CLANG_CXX_LIBRARY = "libc++";
				CLANG_ENABLE_MODULES = YES;
				CLANG_ENABLE_OBJC_ARC = YES;
				CLANG_WARN_BOOL_CONVERSION = YES;
				CLANG_WARN_CONSTANT_CONVERSION = YES;
				CLANG_WARN_DIRECT_OBJC_ISA_USAGE = YES_ERROR;
				CLANG_WARN_EMPTY_BODY = YES;
				CLANG_WARN_ENUM_CONVERSION = YES;
				CLANG_WARN_INT_CONVERSION = YES;
				CLANG_WARN_OBJC_ROOT_CLASS = YES_ERROR;
				CLANG_WARN_UNREACHABLE_CODE = YES;
				CLANG_WARN__DUPLICATE_METHOD_MATCH = YES;
				"CODE_SIGN_IDENTITY[sdk=iphoneos*]" = "iPhone Developer";
				COPY_PHASE_STRIP = YES;
				ENABLE_NS_ASSERTIONS = NO;
				ENABLE_STRICT_OBJC_MSGSEND = YES;
				GCC_C_LANGUAGE_STANDARD = gnu99;
				GCC_WARN_64_TO_32_BIT_CONVERSION = YES;
				GCC_WARN_ABOUT_RETURN_TYPE = YES_ERROR;
				GCC_WARN_UNDECLARED_SELECTOR = YES;
				GCC_WARN_UNINITIALIZED_AUTOS = YES_AGGRESSIVE;
				GCC_WARN_UNUSED_FUNCTION = YES;
				GCC_WARN_UNUSED_VARIABLE = YES;
				IPHONEOS_DEPLOYMENT_TARGET = 8.1;
				MTL_ENABLE_DEBUG_INFO = NO;
				SDKROOT = iphoneos;
				TARGETED_DEVICE_FAMILY = "1,2";
				VALIDATE_PRODUCT = YES;
			};
			name = Release;
		};
		0D9862701A1D2C0B00FAD175 /* Debug */ = {
			isa = XCBuildConfiguration;
			buildSettings = {
				ASSETCATALOG_COMPILER_APPICON_NAME = AppIcon;
				CLANG_ENABLE_MODULES = YES;
				CODE_SIGN_IDENTITY = "iPhone Developer";
				"CODE_SIGN_IDENTITY[sdk=iphoneos*]" = "iPhone Developer";
				DEFINES_MODULE = YES;
				FRAMEWORK_SEARCH_PATHS = (
					"$(inherited)",
					"$(PROJECT_DIR)",
				);
				GCC_PRECOMPILE_PREFIX_HEADER = YES;
				GCC_PREFIX_HEADER = "Prism Lights/PrefixHeader.pch";
				HEADER_SEARCH_PATHS = (
					"$(inherited)",
					/Applications/Xcode.app/Contents/Developer/Toolchains/XcodeDefault.xctoolchain/usr/include,
					path,
				);
				INFOPLIST_FILE = "Prism Lights/Info.plist";
				LD_RUNPATH_SEARCH_PATHS = "$(inherited) @executable_path/Frameworks";
				LIBRARY_SEARCH_PATHS = (
					"$(inherited)",
					"$(PROJECT_DIR)/EstimoteSDK",
				);
				OTHER_LDFLAGS = "-ObjC";
				PRODUCT_NAME = "$(TARGET_NAME)";
				PROVISIONING_PROFILE = "";
				SWIFT_OBJC_BRIDGING_HEADER = "Prism Lights/Prism Lights-Bridging-Header.h";
				SWIFT_OPTIMIZATION_LEVEL = "-Onone";
			};
			name = Debug;
		};
		0D9862711A1D2C0B00FAD175 /* Release */ = {
			isa = XCBuildConfiguration;
			buildSettings = {
				ASSETCATALOG_COMPILER_APPICON_NAME = AppIcon;
				CLANG_ENABLE_MODULES = YES;
				CODE_SIGN_IDENTITY = "iPhone Developer";
				"CODE_SIGN_IDENTITY[sdk=iphoneos*]" = "iPhone Developer";
				DEFINES_MODULE = YES;
				FRAMEWORK_SEARCH_PATHS = (
					"$(inherited)",
					"$(PROJECT_DIR)",
				);
				"FRAMEWORK_SEARCH_PATHS[arch=*]" = (
					"$(inherited)",
					"$(PROJECT_DIR)",
				);
				GCC_PRECOMPILE_PREFIX_HEADER = YES;
				GCC_PREFIX_HEADER = "Prism Lights/PrefixHeader.pch";
				HEADER_SEARCH_PATHS = (
					"$(inherited)",
					/Applications/Xcode.app/Contents/Developer/Toolchains/XcodeDefault.xctoolchain/usr/include,
					path,
				);
				INFOPLIST_FILE = "Prism Lights/Info.plist";
				LD_RUNPATH_SEARCH_PATHS = "$(inherited) @executable_path/Frameworks";
				LIBRARY_SEARCH_PATHS = (
					"$(inherited)",
					"$(PROJECT_DIR)/EstimoteSDK",
				);
				OTHER_LDFLAGS = "-ObjC";
				PRODUCT_NAME = "$(TARGET_NAME)";
				PROVISIONING_PROFILE = "";
				SWIFT_OBJC_BRIDGING_HEADER = "Prism Lights/Prism Lights-Bridging-Header.h";
			};
			name = Release;
		};
		0D9862731A1D2C0B00FAD175 /* Debug */ = {
			isa = XCBuildConfiguration;
			buildSettings = {
				BUNDLE_LOADER = "$(TEST_HOST)";
				FRAMEWORK_SEARCH_PATHS = (
					"$(SDKROOT)/Developer/Library/Frameworks",
					"$(inherited)",
					"$(PROJECT_DIR)",
				);
				GCC_PREPROCESSOR_DEFINITIONS = (
					"DEBUG=1",
					"$(inherited)",
				);
				INFOPLIST_FILE = "Prism LightsTests/Info.plist";
				LD_RUNPATH_SEARCH_PATHS = "$(inherited) @executable_path/Frameworks @loader_path/Frameworks";
				PRODUCT_NAME = "$(TARGET_NAME)";
				TEST_HOST = "$(BUILT_PRODUCTS_DIR)/Prism Lights.app/Prism Lights";
			};
			name = Debug;
		};
		0D9862741A1D2C0B00FAD175 /* Release */ = {
			isa = XCBuildConfiguration;
			buildSettings = {
				BUNDLE_LOADER = "$(TEST_HOST)";
				FRAMEWORK_SEARCH_PATHS = (
					"$(SDKROOT)/Developer/Library/Frameworks",
					"$(inherited)",
					"$(PROJECT_DIR)",
				);
				INFOPLIST_FILE = "Prism LightsTests/Info.plist";
				LD_RUNPATH_SEARCH_PATHS = "$(inherited) @executable_path/Frameworks @loader_path/Frameworks";
				PRODUCT_NAME = "$(TARGET_NAME)";
				TEST_HOST = "$(BUILT_PRODUCTS_DIR)/Prism Lights.app/Prism Lights";
			};
			name = Release;
		};
/* End XCBuildConfiguration section */

/* Begin XCConfigurationList section */
		0D9862491A1D2C0B00FAD175 /* Build configuration list for PBXProject "Prism Lights" */ = {
			isa = XCConfigurationList;
			buildConfigurations = (
				0D98626D1A1D2C0B00FAD175 /* Debug */,
				0D98626E1A1D2C0B00FAD175 /* Release */,
			);
			defaultConfigurationIsVisible = 0;
			defaultConfigurationName = Release;
		};
		0D98626F1A1D2C0B00FAD175 /* Build configuration list for PBXNativeTarget "Prism Lights" */ = {
			isa = XCConfigurationList;
			buildConfigurations = (
				0D9862701A1D2C0B00FAD175 /* Debug */,
				0D9862711A1D2C0B00FAD175 /* Release */,
			);
			defaultConfigurationIsVisible = 0;
			defaultConfigurationName = Release;
		};
		0D9862721A1D2C0B00FAD175 /* Build configuration list for PBXNativeTarget "Prism LightsTests" */ = {
			isa = XCConfigurationList;
			buildConfigurations = (
				0D9862731A1D2C0B00FAD175 /* Debug */,
				0D9862741A1D2C0B00FAD175 /* Release */,
			);
			defaultConfigurationIsVisible = 0;
			defaultConfigurationName = Release;
		};
/* End XCConfigurationList section */
	};
	rootObject = 0D9862461A1D2C0B00FAD175 /* Project object */;
}
